
Microsoft Visual Studio Solution File, Format Version 12.00
Project("{FAE04EC0-301F-11D3-BF4B-00C04F79EFBC}") = "SnippetStorage.Cli", "SnippetStorage.Cli\SnippetStorage.Cli.csproj", "{76F971DF-D259-4B5F-95B1-6ADD949F9995}"
EndProject
Project("{FAE04EC0-301F-11D3-BF4B-00C04F79EFBC}") = "SnippetStorage.Core", "SnippetStorage.Core\SnippetStorage.Core.csproj", "{477BC112-25CC-4119-8186-91642F672FB8}"
EndProject
Project("{FAE04EC0-301F-11D3-BF4B-00C04F79EFBC}") = "SnippetStorage.Tests", "SnippetStorage.Tests\SnippetStorage.Tests.csproj", "{4BEA7DE8-1D41-44E9-80EA-F3A98AE8B8FB}"
EndProject
Global
	GlobalSection(SolutionConfigurationPlatforms) = preSolution
		Debug|Any CPU = Debug|Any CPU
		Release|Any CPU = Release|Any CPU
	EndGlobalSection
	GlobalSection(ProjectConfigurationPlatforms) = postSolution
		{76F971DF-D259-4B5F-95B1-6ADD949F9995}.Debug|Any CPU.ActiveCfg = Debug|Any CPU
		{76F971DF-D259-4B5F-95B1-6ADD949F9995}.Debug|Any CPU.Build.0 = Debug|Any CPU
		{76F971DF-D259-4B5F-95B1-6ADD949F9995}.Release|Any CPU.ActiveCfg = Release|Any CPU
		{76F971DF-D259-4B5F-95B1-6ADD949F9995}.Release|Any CPU.Build.0 = Release|Any CPU
		{477BC112-25CC-4119-8186-91642F672FB8}.Debug|Any CPU.ActiveCfg = Debug|Any CPU
		{477BC112-25CC-4119-8186-91642F672FB8}.Debug|Any CPU.Build.0 = Debug|Any CPU
		{477BC112-25CC-4119-8186-91642F672FB8}.Release|Any CPU.ActiveCfg = Release|Any CPU
		{477BC112-25CC-4119-8186-91642F672FB8}.Release|Any CPU.Build.0 = Release|Any CPU
		{4BEA7DE8-1D41-44E9-80EA-F3A98AE8B8FB}.Debug|Any CPU.ActiveCfg = Debug|Any CPU
		{4BEA7DE8-1D41-44E9-80EA-F3A98AE8B8FB}.Debug|Any CPU.Build.0 = Debug|Any CPU
		{4BEA7DE8-1D41-44E9-80EA-F3A98AE8B8FB}.Release|Any CPU.ActiveCfg = Release|Any CPU
		{4BEA7DE8-1D41-44E9-80EA-F3A98AE8B8FB}.Release|Any CPU.Build.0 = Release|Any CPU
	EndGlobalSection
EndGlobal
